// !$*UTF8*$!
{
	archiveVersion = 1;
	classes = {
	};
	objectVersion = 46;
	objects = {

/* Begin PBXBuildFile section */
		7D072C1B1E88623200F986F1 /* OpenSans-Light.ttf in Resources */ = {isa = PBXBuildFile; fileRef = 7D072C1A1E88623200F986F1 /* OpenSans-Light.ttf */; };
		7D072C1D1E88624600F986F1 /* Yellowtail-Regular.ttf in Resources */ = {isa = PBXBuildFile; fileRef = 7D072C1C1E88624600F986F1 /* Yellowtail-Regular.ttf */; };
		7D072C1F1E8887CA00F986F1 /* DesignableView.swift in Sources */ = {isa = PBXBuildFile; fileRef = 7D072C1E1E8887CA00F986F1 /* DesignableView.swift */; };
		7D072C221E888A3B00F986F1 /* SignUpVC.swift in Sources */ = {isa = PBXBuildFile; fileRef = 7D072C211E888A3B00F986F1 /* SignUpVC.swift */; };
		7DDF4ED81E8709A600BCAED6 /* AppDelegate.swift in Sources */ = {isa = PBXBuildFile; fileRef = 7DDF4ED71E8709A600BCAED6 /* AppDelegate.swift */; };
		7DDF4EDA1E8709A600BCAED6 /* ViewController.swift in Sources */ = {isa = PBXBuildFile; fileRef = 7DDF4ED91E8709A600BCAED6 /* ViewController.swift */; };
		7DDF4EDD1E8709A600BCAED6 /* Main.storyboard in Resources */ = {isa = PBXBuildFile; fileRef = 7DDF4EDB1E8709A600BCAED6 /* Main.storyboard */; };
		7DDF4EDF1E8709A600BCAED6 /* Assets.xcassets in Resources */ = {isa = PBXBuildFile; fileRef = 7DDF4EDE1E8709A600BCAED6 /* Assets.xcassets */; };
		7DDF4EE21E8709A600BCAED6 /* LaunchScreen.storyboard in Resources */ = {isa = PBXBuildFile; fileRef = 7DDF4EE01E8709A600BCAED6 /* LaunchScreen.storyboard */; };
		7DDF4EEA1E87142600BCAED6 /* UIViewX.swift in Sources */ = {isa = PBXBuildFile; fileRef = 7DDF4EE91E87142600BCAED6 /* UIViewX.swift */; };
		7DDF4EEC1E87377400BCAED6 /* RoundButton.swift in Sources */ = {isa = PBXBuildFile; fileRef = 7DDF4EEB1E87377400BCAED6 /* RoundButton.swift */; };
		D4482151624288635012710D /* Pods_Design4.framework in Frameworks */ = {isa = PBXBuildFile; fileRef = 9BF337B3CB0DDDA0378EAA0B /* Pods_Design4.framework */; };
/* End PBXBuildFile section */

/* Begin PBXFileReference section */
		1E0CDA959222FEF58184107E /* Pods-Design4.release.xcconfig */ = {isa = PBXFileReference; includeInIndex = 1; lastKnownFileType = text.xcconfig; name = "Pods-Design4.release.xcconfig"; path = "Pods/Target Support Files/Pods-Design4/Pods-Design4.release.xcconfig"; sourceTree = "<group>"; };
		577B66FD57D3890C5790F621 /* Pods-Design4.debug.xcconfig */ = {isa = PBXFileReference; includeInIndex = 1; lastKnownFileType = text.xcconfig; name = "Pods-Design4.debug.xcconfig"; path = "Pods/Target Support Files/Pods-Design4/Pods-Design4.debug.xcconfig"; sourceTree = "<group>"; };
		7D072C1A1E88623200F986F1 /* OpenSans-Light.ttf */ = {isa = PBXFileReference; lastKnownFileType = file; path = "OpenSans-Light.ttf"; sourceTree = "<group>"; };
		7D072C1C1E88624600F986F1 /* Yellowtail-Regular.ttf */ = {isa = PBXFileReference; lastKnownFileType = file; path = "Yellowtail-Regular.ttf"; sourceTree = "<group>"; };
		7D072C1E1E8887CA00F986F1 /* DesignableView.swift */ = {isa = PBXFileReference; fileEncoding = 4; lastKnownFileType = sourcecode.swift; path = DesignableView.swift; sourceTree = "<group>"; };
		7D072C211E888A3B00F986F1 /* SignUpVC.swift */ = {isa = PBXFileReference; fileEncoding = 4; lastKnownFileType = sourcecode.swift; path = SignUpVC.swift; sourceTree = "<group>"; };
		7DDF4ED41E8709A600BCAED6 /* Design4.app */ = {isa = PBXFileReference; explicitFileType = wrapper.application; includeInIndex = 0; path = Design4.app; sourceTree = BUILT_PRODUCTS_DIR; };
		7DDF4ED71E8709A600BCAED6 /* AppDelegate.swift */ = {isa = PBXFileReference; lastKnownFileType = sourcecode.swift; path = AppDelegate.swift; sourceTree = "<group>"; };
		7DDF4ED91E8709A600BCAED6 /* ViewController.swift */ = {isa = PBXFileReference; lastKnownFileType = sourcecode.swift; path = ViewController.swift; sourceTree = "<group>"; };
		7DDF4EDC1E8709A600BCAED6 /* Base */ = {isa = PBXFileReference; lastKnownFileType = file.storyboard; name = Base; path = Base.lproj/Main.storyboard; sourceTree = "<group>"; };
		7DDF4EDE1E8709A600BCAED6 /* Assets.xcassets */ = {isa = PBXFileReference; lastKnownFileType = folder.assetcatalog; path = Assets.xcassets; sourceTree = "<group>"; };
		7DDF4EE11E8709A600BCAED6 /* Base */ = {isa = PBXFileReference; lastKnownFileType = file.storyboard; name = Base; path = Base.lproj/LaunchScreen.storyboard; sourceTree = "<group>"; };
		7DDF4EE31E8709A600BCAED6 /* Info.plist */ = {isa = PBXFileReference; lastKnownFileType = text.plist.xml; path = Info.plist; sourceTree = "<group>"; };
		7DDF4EE91E87142600BCAED6 /* UIViewX.swift */ = {isa = PBXFileReference; fileEncoding = 4; lastKnownFileType = sourcecode.swift; path = UIViewX.swift; sourceTree = "<group>"; };
		7DDF4EEB1E87377400BCAED6 /* RoundButton.swift */ = {isa = PBXFileReference; fileEncoding = 4; lastKnownFileType = sourcecode.swift; path = RoundButton.swift; sourceTree = "<group>"; };
		9BF337B3CB0DDDA0378EAA0B /* Pods_Design4.framework */ = {isa = PBXFileReference; explicitFileType = wrapper.framework; includeInIndex = 0; path = Pods_Design4.framework; sourceTree = BUILT_PRODUCTS_DIR; };
/* End PBXFileReference section */

/* Begin PBXFrameworksBuildPhase section */
		7DDF4ED11E8709A600BCAED6 /* Frameworks */ = {
			isa = PBXFrameworksBuildPhase;
			buildActionMask = 2147483647;
			files = (
				D4482151624288635012710D /* Pods_Design4.framework in Frameworks */,
			);
			runOnlyForDeploymentPostprocessing = 0;
		};
/* End PBXFrameworksBuildPhase section */

/* Begin PBXGroup section */
		3E90AE6D591914933436A443 /* Frameworks */ = {
			isa = PBXGroup;
			children = (
				9BF337B3CB0DDDA0378EAA0B /* Pods_Design4.framework */,
			);
			name = Frameworks;
			sourceTree = "<group>";
		};
		40C73DDF202CA562CA833F5B /* Pods */ = {
			isa = PBXGroup;
			children = (
				577B66FD57D3890C5790F621 /* Pods-Design4.debug.xcconfig */,
				1E0CDA959222FEF58184107E /* Pods-Design4.release.xcconfig */,
			);
			name = Pods;
			sourceTree = "<group>";
		};
		7D072C191E8861B800F986F1 /* Fonts */ = {
			isa = PBXGroup;
			children = (
				7D072C1C1E88624600F986F1 /* Yellowtail-Regular.ttf */,
				7D072C1A1E88623200F986F1 /* OpenSans-Light.ttf */,
			);
			name = Fonts;
			sourceTree = "<group>";
		};
		7D072C201E8887D500F986F1 /* IBDesignables */ = {
			isa = PBXGroup;
			children = (
				7D072C1E1E8887CA00F986F1 /* DesignableView.swift */,
			);
			name = IBDesignables;
			sourceTree = "<group>";
		};
		7DDF4ECB1E8709A600BCAED6 = {
			isa = PBXGroup;
			children = (
				7DDF4ED61E8709A600BCAED6 /* Design4 */,
				7DDF4ED51E8709A600BCAED6 /* Products */,
				40C73DDF202CA562CA833F5B /* Pods */,
				3E90AE6D591914933436A443 /* Frameworks */,
			);
			sourceTree = "<group>";
		};
		7DDF4ED51E8709A600BCAED6 /* Products */ = {
			isa = PBXGroup;
			children = (
				7DDF4ED41E8709A600BCAED6 /* Design4.app */,
			);
			name = Products;
			sourceTree = "<group>";
		};
		7DDF4ED61E8709A600BCAED6 /* Design4 */ = {
			isa = PBXGroup;
			children = (
				7D072C201E8887D500F986F1 /* IBDesignables */,
				7D072C191E8861B800F986F1 /* Fonts */,
				7DDF4ED71E8709A600BCAED6 /* AppDelegate.swift */,
				7DDF4ED91E8709A600BCAED6 /* ViewController.swift */,
				7DDF4EEB1E87377400BCAED6 /* RoundButton.swift */,
				7DDF4EDB1E8709A600BCAED6 /* Main.storyboard */,
				7DDF4EDE1E8709A600BCAED6 /* Assets.xcassets */,
				7DDF4EE91E87142600BCAED6 /* UIViewX.swift */,
				7DDF4EE01E8709A600BCAED6 /* LaunchScreen.storyboard */,
				7DDF4EE31E8709A600BCAED6 /* Info.plist */,
				7D072C211E888A3B00F986F1 /* SignUpVC.swift */,
			);
			path = Design4;
			sourceTree = "<group>";
		};
/* End PBXGroup section */

/* Begin PBXNativeTarget section */
		7DDF4ED31E8709A600BCAED6 /* Design4 */ = {
			isa = PBXNativeTarget;
			buildConfigurationList = 7DDF4EE61E8709A600BCAED6 /* Build configuration list for PBXNativeTarget "Design4" */;
			buildPhases = (
				317671F22EA6FFC86FC4AEF7 /* [CP] Check Pods Manifest.lock */,
				7DDF4ED01E8709A600BCAED6 /* Sources */,
				7DDF4ED11E8709A600BCAED6 /* Frameworks */,
				7DDF4ED21E8709A600BCAED6 /* Resources */,
				0595D877248ECBF29D7B57E8 /* [CP] Embed Pods Frameworks */,
				4FB8A00DCB89C0CC6762756D /* [CP] Copy Pods Resources */,
			);
			buildRules = (
			);
			dependencies = (
			);
			name = Design4;
			productName = Design4;
			productReference = 7DDF4ED41E8709A600BCAED6 /* Design4.app */;
			productType = "com.apple.product-type.application";
		};
/* End PBXNativeTarget section */

/* Begin PBXProject section */
		7DDF4ECC1E8709A600BCAED6 /* Project object */ = {
			isa = PBXProject;
			attributes = {
				LastSwiftUpdateCheck = 0820;
				LastUpgradeCheck = 0820;
				ORGANIZATIONNAME = "Sebastian Strus";
				TargetAttributes = {
					7DDF4ED31E8709A600BCAED6 = {
						CreatedOnToolsVersion = 8.2.1;
						DevelopmentTeam = 4SL936GBZY;
						ProvisioningStyle = Automatic;
					};
				};
			};
			buildConfigurationList = 7DDF4ECF1E8709A600BCAED6 /* Build configuration list for PBXProject "Design4" */;
			compatibilityVersion = "Xcode 3.2";
			developmentRegion = English;
			hasScannedForEncodings = 0;
			knownRegions = (
				en,
				Base,
			);
			mainGroup = 7DDF4ECB1E8709A600BCAED6;
			productRefGroup = 7DDF4ED51E8709A600BCAED6 /* Products */;
			projectDirPath = "";
			projectRoot = "";
			targets = (
				7DDF4ED31E8709A600BCAED6 /* Design4 */,
			);
		};
/* End PBXProject section */

/* Begin PBXResourcesBuildPhase section */
		7DDF4ED21E8709A600BCAED6 /* Resources */ = {
			isa = PBXResourcesBuildPhase;
			buildActionMask = 2147483647;
			files = (
				7DDF4EE21E8709A600BCAED6 /* LaunchScreen.storyboard in Resources */,
				7DDF4EDF1E8709A600BCAED6 /* Assets.xcassets in Resources */,
				7D072C1B1E88623200F986F1 /* OpenSans-Light.ttf in Resources */,
				7D072C1D1E88624600F986F1 /* Yellowtail-Regular.ttf in Resources */,
				7DDF4EDD1E8709A600BCAED6 /* Main.storyboard in Resources */,
			);
			runOnlyForDeploymentPostprocessing = 0;
		};
/* End PBXResourcesBuildPhase section */

/* Begin PBXShellScriptBuildPhase section */
		0595D877248ECBF29D7B57E8 /* [CP] Embed Pods Frameworks */ = {
			isa = PBXShellScriptBuildPhase;
			buildActionMask = 2147483647;
			files = (
			);
			inputPaths = (
			);
			name = "[CP] Embed Pods Frameworks";
			outputPaths = (
			);
			runOnlyForDeploymentPostprocessing = 0;
			shellPath = /bin/sh;
			shellScript = "\"${SRCROOT}/Pods/Target Support Files/Pods-Design4/Pods-Design4-frameworks.sh\"\n";
			showEnvVarsInLog = 0;
		};
		317671F22EA6FFC86FC4AEF7 /* [CP] Check Pods Manifest.lock */ = {
			isa = PBXShellScriptBuildPhase;
			buildActionMask = 2147483647;
			files = (
			);
			inputPaths = (
			);
			name = "[CP] Check Pods Manifest.lock";
			outputPaths = (
			);
			runOnlyForDeploymentPostprocessing = 0;
			shellPath = /bin/sh;
			shellScript = "diff \"${PODS_PODFILE_DIR_PATH}/Podfile.lock\" \"${PODS_ROOT}/Manifest.lock\" > /dev/null\nif [ $? != 0 ] ; then\n    # print error to STDERR\n    echo \"error: The sandbox is not in sync with the Podfile.lock. Run 'pod install' or update your CocoaPods installation.\" >&2\n    exit 1\nfi\n";
			showEnvVarsInLog = 0;
		};
		4FB8A00DCB89C0CC6762756D /* [CP] Copy Pods Resources */ = {
			isa = PBXShellScriptBuildPhase;
			buildActionMask = 2147483647;
			files = (
			);
			inputPaths = (
			);
			name = "[CP] Copy Pods Resources";
			outputPaths = (
			);
			runOnlyForDeploymentPostprocessing = 0;
			shellPath = /bin/sh;
			shellScript = "\"${SRCROOT}/Pods/Target Support Files/Pods-Design4/Pods-Design4-resources.sh\"\n";
			showEnvVarsInLog = 0;
		};
/* End PBXShellScriptBuildPhase section */

/* Begin PBXSourcesBuildPhase section */
		7DDF4ED01E8709A600BCAED6 /* Sources */ = {
			isa = PBXSourcesBuildPhase;
			buildActionMask = 2147483647;
			files = (
				7DDF4EEC1E87377400BCAED6 /* RoundButton.swift in Sources */,
				7DDF4EDA1E8709A600BCAED6 /* ViewController.swift in Sources */,
				7DDF4ED81E8709A600BCAED6 /* AppDelegate.swift in Sources */,
				7D072C1F1E8887CA00F986F1 /* DesignableView.swift in Sources */,
				7D072C221E888A3B00F986F1 /* SignUpVC.swift in Sources */,
				7DDF4EEA1E87142600BCAED6 /* UIViewX.swift in Sources */,
			);
			runOnlyForDeploymentPostprocessing = 0;
		};
/* End PBXSourcesBuildPhase section */

/* Begin PBXVariantGroup section */
		7DDF4EDB1E8709A600BCAED6 /* Main.storyboard */ = {
			isa = PBXVariantGroup;
			children = (
				7DDF4EDC1E8709A600BCAED6 /* Base */,
			);
			name = Main.storyboard;
			sourceTree = "<group>";
		};
		7DDF4EE01E8709A600BCAED6 /* LaunchScreen.storyboard */ = {
			isa = PBXVariantGroup;
			children = (
				7DDF4EE11E8709A600BCAED6 /* Base */,
			);
			name = LaunchScreen.storyboard;
			sourceTree = "<group>";
		};
/* End PBXVariantGroup section */

/* Begin XCBuildConfiguration section */
		7DDF4EE41E8709A600BCAED6 /* Debug */ = {
			isa = XCBuildConfiguration;
			buildSettings = {
				ALWAYS_SEARCH_USER_PATHS = NO;
				CLANG_ANALYZER_NONNULL = YES;
				CLANG_CXX_LANGUAGE_STANDARD = "gnu++0x";
				CLANG_CXX_LIBRARY = "libc++";
				CLANG_ENABLE_MODULES = YES;
				CLANG_ENABLE_OBJC_ARC = YES;
				CLANG_WARN_BOOL_CONVERSION = YES;
				CLANG_WARN_CONSTANT_CONVERSION = YES;
				CLANG_WARN_DIRECT_OBJC_ISA_USAGE = YES_ERROR;
				CLANG_WARN_DOCUMENTATION_COMMENTS = YES;
				CLANG_WARN_EMPTY_BODY = YES;
				CLANG_WARN_ENUM_CONVERSION = YES;
				CLANG_WARN_INFINITE_RECURSION = YES;
				CLANG_WARN_INT_CONVERSION = YES;
				CLANG_WARN_OBJC_ROOT_CLASS = YES_ERROR;
				CLANG_WARN_SUSPICIOUS_MOVE = YES;
				CLANG_WARN_UNREACHABLE_CODE = YES;
				CLANG_WARN__DUPLICATE_METHOD_MATCH = YES;
				"CODE_SIGN_IDENTITY[sdk=iphoneos*]" = "iPhone Developer";
				COPY_PHASE_STRIP = NO;
				DEBUG_INFORMATION_FORMAT = dwarf;
				ENABLE_STRICT_OBJC_MSGSEND = YES;
				ENABLE_TESTABILITY = YES;
				GCC_C_LANGUAGE_STANDARD = gnu99;
				GCC_DYNAMIC_NO_PIC = NO;
				GCC_NO_COMMON_BLOCKS = YES;
				GCC_OPTIMIZATION_LEVEL = 0;
				GCC_PREPROCESSOR_DEFINITIONS = (
					"DEBUG=1",
					"$(inherited)",
				);
				GCC_WARN_64_TO_32_BIT_CONVERSION = YES;
				GCC_WARN_ABOUT_RETURN_TYPE = YES_ERROR;
				GCC_WARN_UNDECLARED_SELECTOR = YES;
				GCC_WARN_UNINITIALIZED_AUTOS = YES_AGGRESSIVE;
				GCC_WARN_UNUSED_FUNCTION = YES;
				GCC_WARN_UNUSED_VARIABLE = YES;
				IPHONEOS_DEPLOYMENT_TARGET = 10.2;
				MTL_ENABLE_DEBUG_INFO = YES;
				ONLY_ACTIVE_ARCH = YES;
				SDKROOT = iphoneos;
				SWIFT_ACTIVE_COMPILATION_CONDITIONS = DEBUG;
				SWIFT_OPTIMIZATION_LEVEL = "-Onone";
			};
			name = Debug;
		};
		7DDF4EE51E8709A600BCAED6 /* Release */ = {
			isa = XCBuildConfiguration;
			buildSettings = {
				ALWAYS_SEARCH_USER_PATHS = NO;
				CLANG_ANALYZER_NONNULL = YES;
				CLANG_CXX_LANGUAGE_STANDARD = "gnu++0x";
				CLANG_CXX_LIBRARY = "libc++";
				CLANG_ENABLE_MODULES = YES;
				CLANG_ENABLE_OBJC_ARC = YES;
				CLANG_WARN_BOOL_CONVERSION = YES;
				CLANG_WARN_CONSTANT_CONVERSION = YES;
				CLANG_WARN_DIRECT_OBJC_ISA_USAGE = YES_ERROR;
				CLANG_WARN_DOCUMENTATION_COMMENTS = YES;
				CLANG_WARN_EMPTY_BODY = YES;
				CLANG_WARN_ENUM_CONVERSION = YES;
				CLANG_WARN_INFINITE_RECURSION = YES;
				CLANG_WARN_INT_CONVERSION = YES;
				CLANG_WARN_OBJC_ROOT_CLASS = YES_ERROR;
				CLANG_WARN_SUSPICIOUS_MOVE = YES;
				CLANG_WARN_UNREACHABLE_CODE = YES;
				CLANG_WARN__DUPLICATE_METHOD_MATCH = YES;
				"CODE_SIGN_IDENTITY[sdk=iphoneos*]" = "iPhone Developer";
				COPY_PHASE_STRIP = NO;
				DEBUG_INFORMATION_FORMAT = "dwarf-with-dsym";
				ENABLE_NS_ASSERTIONS = NO;
				ENABLE_STRICT_OBJC_MSGSEND = YES;
				GCC_C_LANGUAGE_STANDARD = gnu99;
				GCC_NO_COMMON_BLOCKS = YES;
				GCC_WARN_64_TO_32_BIT_CONVERSION = YES;
				GCC_WARN_ABOUT_RETURN_TYPE = YES_ERROR;
				GCC_WARN_UNDECLARED_SELECTOR = YES;
				GCC_WARN_UNINITIALIZED_AUTOS = YES_AGGRESSIVE;
				GCC_WARN_UNUSED_FUNCTION = YES;
				GCC_WARN_UNUSED_VARIABLE = YES;
				IPHONEOS_DEPLOYMENT_TARGET = 10.2;
				MTL_ENABLE_DEBUG_INFO = NO;
				SDKROOT = iphoneos;
				SWIFT_OPTIMIZATION_LEVEL = "-Owholemodule";
				VALIDATE_PRODUCT = YES;
			};
			name = Release;
		};
		7DDF4EE71E8709A600BCAED6 /* Debug */ = {
			isa = XCBuildConfiguration;
			baseConfigurationReference = 577B66FD57D3890C5790F621 /* Pods-Design4.debug.xcconfig */;
			buildSettings = {
				ASSETCATALOG_COMPILER_APPICON_NAME = AppIcon;
				DEVELOPMENT_TEAM = 4SL936GBZY;
				INFOPLIST_FILE = Design4/Info.plist;
				LD_RUNPATH_SEARCH_PATHS = "$(inherited) @executable_path/Frameworks";
				PRODUCT_BUNDLE_IDENTIFIER = SEB.Design4;
				PRODUCT_NAME = "$(TARGET_NAME)";
				SWIFT_VERSION = 3.0;
			};
			name = Debug;
		};
		7DDF4EE81E8709A600BCAED6 /* Release */ = {
			isa = XCBuildConfiguration;
			baseConfigurationReference = 1E0CDA959222FEF58184107E /* Pods-Design4.release.xcconfig */;
			buildSettings = {
				ASSETCATALOG_COMPILER_APPICON_NAME = AppIcon;
				DEVELOPMENT_TEAM = 4SL936GBZY;
				INFOPLIST_FILE = Design4/Info.plist;
				LD_RUNPATH_SEARCH_PATHS = "$(inherited) @executable_path/Frameworks";
				PRODUCT_BUNDLE_IDENTIFIER = SEB.Design4;
				PRODUCT_NAME = "$(TARGET_NAME)";
				SWIFT_VERSION = 3.0;
			};
			name = Release;
		};
/* End XCBuildConfiguration section */

/* Begin XCConfigurationList section */
		7DDF4ECF1E8709A600BCAED6 /* Build configuration list for PBXProject "Design4" */ = {
			isa = XCConfigurationList;
			buildConfigurations = (
				7DDF4EE41E8709A600BCAED6 /* Debug */,
				7DDF4EE51E8709A600BCAED6 /* Release */,
			);
			defaultConfigurationIsVisible = 0;
			defaultConfigurationName = Release;
		};
		7DDF4EE61E8709A600BCAED6 /* Build configuration list for PBXNativeTarget "Design4" */ = {
			isa = XCConfigurationList;
			buildConfigurations = (
				7DDF4EE71E8709A600BCAED6 /* Debug */,
				7DDF4EE81E8709A600BCAED6 /* Release */,
			);
			defaultConfigurationIsVisible = 0;
			defaultConfigurationName = Release;
		};
/* End XCConfigurationList section */
	};
	rootObject = 7DDF4ECC1E8709A600BCAED6 /* Project object */;
}
